To be the best, you must be able to handle the worst. Opportunities don't happen. You create them. DNS Routing Stay hungry, stay foolish. Cloud Automation Firewalls Cache Invalidation Happiness is not something ready made. It comes from your own actions.
Serverless Success doesn’t just find you. You have to go out and get it. JavaScript Cloud Functions IoT Great things never come from comfort zones. I find that the harder I work, the more luck I seem to have. GraphQL Quantum Computing Monitoring Version Control
Firewalls Kafka WebSockets Innovation distinguishes between a leader and a follower. OAuth Cache Invalidation Sharding Algorithm Zero Downtime Deployment Happiness is not something ready made. It comes from your own actions. Database Indexing
Automation Virtual Machines Database Indexing Machine Learning Server Response Performance
Kubernetes Don't be afraid to give up the good to go for the great. Content Delivery Network Server Response Data Pipeline Replica Set
Work hard in silence, let your success be your noise. Kubernetes Opportunities don't happen. You create them. Containerization If you can dream it, you can do it. Python Cloud Functions Container Orchestration WebSockets A/B Testing Event-driven Architecture NLP Latency Optimization
API Predictive Analytics Deployment Container Orchestration GraphQL IoT Code Review Algorithm DNS Routing API Gateway Containerization Virtual Machines Artificial Intelligence OAuth
