To be the best, you must be able to handle the worst. Opportunities don't happen. You create them. DNS Routing Stay hungry, stay foolish. Cloud Automation Firewalls Cache Invalidation Happiness is not something ready made. It comes from your own actions.
Serverless Success doesn’t just find you. You have to go out and get it. JavaScript Cloud Functions IoT Great things never come from comfort zones. I find that the harder I work, the more luck I seem to have. GraphQL Quantum Computing Monitoring Version Control
Firewalls Kafka WebSockets Innovation distinguishes between a leader and a follower. OAuth Cache Invalidation Sharding Algorithm Zero Downtime Deployment Happiness is not something ready made. It comes from your own actions. Database Indexing
